
Microsoft Visual Studio Solution File, Format Version 12.00
# Visual Studio Version 17
VisualStudioVersion = 17.8.34322.80
MinimumVisualStudioVersion = 10.0.40219.1
Project("{9A19103F-16F7-4668-BE54-9A1E7A4F7556}") = "Pustok_AzMB", "Pustok_AzMB\Pustok_AzMB.csproj", "{CBFF6D4F-276A-4298-B097-9B72CDDB3620}"
EndProject
Global
	GlobalSection(SolutionConfigurationPlatforms) = preSolution
		Debug|Any CPU = Debug|Any CPU
		Release|Any CPU = Release|Any CPU
	EndGlobalSection
	GlobalSection(ProjectConfigurationPlatforms) = postSolution
		{CBFF6D4F-276A-4298-B097-9B72CDDB3620}.Debug|Any CPU.ActiveCfg = Debug|Any CPU
		{CBFF6D4F-276A-4298-B097-9B72CDDB3620}.Debug|Any CPU.Build.0 = Debug|Any CPU
		{CBFF6D4F-276A-4298-B097-9B72CDDB3620}.Release|Any CPU.ActiveCfg = Release|Any CPU
		{CBFF6D4F-276A-4298-B097-9B72CDDB3620}.Release|Any CPU.Build.0 = Release|Any CPU
	EndGlobalSection
	GlobalSection(SolutionProperties) = preSolution
		HideSolutionNode = FALSE
	EndGlobalSection
	GlobalSection(ExtensibilityGlobals) = postSolution
		SolutionGuid = {C1F33F66-D75B-4234-AFEC-188F7C11AB35}
	EndGlobalSection
EndGlobal
